// !$*UTF8*$!
{
	archiveVersion = 1;
	classes = {
	};
	objectVersion = 55;
	objects = {

/* Begin PBXBuildFile section */
		05A29C5592A96924559C1C40 /* Pods_SwiftUI_Weather.framework in Frameworks */ = {isa = PBXBuildFile; fileRef = 23E2213C15114FBA2374CD6C /* Pods_SwiftUI_Weather.framework */; };
		0994B4CCFFE2D9119ED3260B /* Pods_SwiftUI_Weather_SwiftUI_WeatherUITests.framework in Frameworks */ = {isa = PBXBuildFile; fileRef = B904BC14C8A45D81C92F3D70 /* Pods_SwiftUI_Weather_SwiftUI_WeatherUITests.framework */; };
		9067F2FA2775F0BC009E5E12 /* creatUserModel.swift in Sources */ = {isa = PBXBuildFile; fileRef = 9067F2F92775F0BC009E5E12 /* creatUserModel.swift */; };
		9067F2FD277651E5009E5E12 /* Config.swift in Sources */ = {isa = PBXBuildFile; fileRef = 9067F2FC277651E5009E5E12 /* Config.swift */; };
		9067F2FF277651F5009E5E12 /* API.swift in Sources */ = {isa = PBXBuildFile; fileRef = 9067F2FE277651F5009E5E12 /* API.swift */; };
		90EB178F276B54F900E93E16 /* SwiftUI_WeatherApp.swift in Sources */ = {isa = PBXBuildFile; fileRef = 90EB178E276B54F900E93E16 /* SwiftUI_WeatherApp.swift */; };
		90EB1791276B54F900E93E16 /* ContentView.swift in Sources */ = {isa = PBXBuildFile; fileRef = 90EB1790276B54F900E93E16 /* ContentView.swift */; };
		90EB1793276B54FD00E93E16 /* Assets.xcassets in Resources */ = {isa = PBXBuildFile; fileRef = 90EB1792276B54FD00E93E16 /* Assets.xcassets */; };
		90EB1796276B54FD00E93E16 /* Preview Assets.xcassets in Resources */ = {isa = PBXBuildFile; fileRef = 90EB1795276B54FD00E93E16 /* Preview Assets.xcassets */; };
		90EB17A0276B54FD00E93E16 /* SwiftUI_WeatherTests.swift in Sources */ = {isa = PBXBuildFile; fileRef = 90EB179F276B54FD00E93E16 /* SwiftUI_WeatherTests.swift */; };
		90EB17AA276B54FD00E93E16 /* SwiftUI_WeatherUITests.swift in Sources */ = {isa = PBXBuildFile; fileRef = 90EB17A9276B54FD00E93E16 /* SwiftUI_WeatherUITests.swift */; };
		90EB17AC276B54FD00E93E16 /* SwiftUI_WeatherUITestsLaunchTests.swift in Sources */ = {isa = PBXBuildFile; fileRef = 90EB17AB276B54FD00E93E16 /* SwiftUI_WeatherUITestsLaunchTests.swift */; };
		90F9B7E3276D5033006C7417 /* LoginView.swift in Sources */ = {isa = PBXBuildFile; fileRef = 90F9B7E2276D5033006C7417 /* LoginView.swift */; };
		B228429B1BF2322234516C21 /* Pods_SwiftUI_WeatherTests.framework in Frameworks */ = {isa = PBXBuildFile; fileRef = CE921AE2CBE922C928F7EDEF /* Pods_SwiftUI_WeatherTests.framework */; };
/* End PBXBuildFile section */

/* Begin PBXContainerItemProxy section */
		90EB179C276B54FD00E93E16 /* PBXContainerItemProxy */ = {
			isa = PBXContainerItemProxy;
			containerPortal = 90EB1783276B54F900E93E16 /* Project object */;
			proxyType = 1;
			remoteGlobalIDString = 90EB178A276B54F900E93E16;
			remoteInfo = "SwiftUI-Weather";
		};
		90EB17A6276B54FD00E93E16 /* PBXContainerItemProxy */ = {
			isa = PBXContainerItemProxy;
			containerPortal = 90EB1783276B54F900E93E16 /* Project object */;
			proxyType = 1;
			remoteGlobalIDString = 90EB178A276B54F900E93E16;
			remoteInfo = "SwiftUI-Weather";
		};
/* End PBXContainerItemProxy section */

/* Begin PBXFileReference section */
		059507ACFE79217CB5CC5EDC /* Pods-SwiftUI-WeatherTests.release.xcconfig */ = {isa = PBXFileReference; includeInIndex = 1; lastKnownFileType = text.xcconfig; name = "Pods-SwiftUI-WeatherTests.release.xcconfig"; path = "Target Support Files/Pods-SwiftUI-WeatherTests/Pods-SwiftUI-WeatherTests.release.xcconfig"; sourceTree = "<group>"; };
		23E2213C15114FBA2374CD6C /* Pods_SwiftUI_Weather.framework */ = {isa = PBXFileReference; explicitFileType = wrapper.framework; includeInIndex = 0; path = Pods_SwiftUI_Weather.framework; sourceTree = BUILT_PRODUCTS_DIR; };
		3B2901F9925AE47FD03A27B8 /* Pods-SwiftUI-Weather-SwiftUI-WeatherUITests.release.xcconfig */ = {isa = PBXFileReference; includeInIndex = 1; lastKnownFileType = text.xcconfig; name = "Pods-SwiftUI-Weather-SwiftUI-WeatherUITests.release.xcconfig"; path = "Target Support Files/Pods-SwiftUI-Weather-SwiftUI-WeatherUITests/Pods-SwiftUI-Weather-SwiftUI-WeatherUITests.release.xcconfig"; sourceTree = "<group>"; };
		7313DD2DEB2D9094950A441E /* Pods-SwiftUI-Weather.release.xcconfig */ = {isa = PBXFileReference; includeInIndex = 1; lastKnownFileType = text.xcconfig; name = "Pods-SwiftUI-Weather.release.xcconfig"; path = "Target Support Files/Pods-SwiftUI-Weather/Pods-SwiftUI-Weather.release.xcconfig"; sourceTree = "<group>"; };
		9067F2F92775F0BC009E5E12 /* creatUserModel.swift */ = {isa = PBXFileReference; lastKnownFileType = sourcecode.swift; path = creatUserModel.swift; sourceTree = "<group>"; };
		9067F2FC277651E5009E5E12 /* Config.swift */ = {isa = PBXFileReference; lastKnownFileType = sourcecode.swift; path = Config.swift; sourceTree = "<group>"; };
		9067F2FE277651F5009E5E12 /* API.swift */ = {isa = PBXFileReference; lastKnownFileType = sourcecode.swift; path = API.swift; sourceTree = "<group>"; };
		90EB178B276B54F900E93E16 /* SwiftUI-Weather.app */ = {isa = PBXFileReference; explicitFileType = wrapper.application; includeInIndex = 0; path = "SwiftUI-Weather.app"; sourceTree = BUILT_PRODUCTS_DIR; };
		90EB178E276B54F900E93E16 /* SwiftUI_WeatherApp.swift */ = {isa = PBXFileReference; lastKnownFileType = sourcecode.swift; path = SwiftUI_WeatherApp.swift; sourceTree = "<group>"; };
		90EB1790276B54F900E93E16 /* ContentView.swift */ = {isa = PBXFileReference; lastKnownFileType = sourcecode.swift; path = ContentView.swift; sourceTree = "<group>"; };
		90EB1792276B54FD00E93E16 /* Assets.xcassets */ = {isa = PBXFileReference; lastKnownFileType = folder.assetcatalog; path = Assets.xcassets; sourceTree = "<group>"; };
		90EB1795276B54FD00E93E16 /* Preview Assets.xcassets */ = {isa = PBXFileReference; lastKnownFileType = folder.assetcatalog; path = "Preview Assets.xcassets"; sourceTree = "<group>"; };
		90EB179B276B54FD00E93E16 /* SwiftUI-WeatherTests.xctest */ = {isa = PBXFileReference; explicitFileType = wrapper.cfbundle; includeInIndex = 0; path = "SwiftUI-WeatherTests.xctest"; sourceTree = BUILT_PRODUCTS_DIR; };
		90EB179F276B54FD00E93E16 /* SwiftUI_WeatherTests.swift */ = {isa = PBXFileReference; lastKnownFileType = sourcecode.swift; path = SwiftUI_WeatherTests.swift; sourceTree = "<group>"; };
		90EB17A5276B54FD00E93E16 /* SwiftUI-WeatherUITests.xctest */ = {isa = PBXFileReference; explicitFileType = wrapper.cfbundle; includeInIndex = 0; path = "SwiftUI-WeatherUITests.xctest"; sourceTree = BUILT_PRODUCTS_DIR; };
		90EB17A9276B54FD00E93E16 /* SwiftUI_WeatherUITests.swift */ = {isa = PBXFileReference; lastKnownFileType = sourcecode.swift; path = SwiftUI_WeatherUITests.swift; sourceTree = "<group>"; };
		90EB17AB276B54FD00E93E16 /* SwiftUI_WeatherUITestsLaunchTests.swift */ = {isa = PBXFileReference; lastKnownFileType = sourcecode.swift; path = SwiftUI_WeatherUITestsLaunchTests.swift; sourceTree = "<group>"; };
		90F9B7E2276D5033006C7417 /* LoginView.swift */ = {isa = PBXFileReference; lastKnownFileType = sourcecode.swift; path = LoginView.swift; sourceTree = "<group>"; };
		9BEF428C0E9C4E69E13D753F /* Pods-SwiftUI-Weather-SwiftUI-WeatherUITests.debug.xcconfig */ = {isa = PBXFileReference; includeInIndex = 1; lastKnownFileType = text.xcconfig; name = "Pods-SwiftUI-Weather-SwiftUI-WeatherUITests.debug.xcconfig"; path = "Target Support Files/Pods-SwiftUI-Weather-SwiftUI-WeatherUITests/Pods-SwiftUI-Weather-SwiftUI-WeatherUITests.debug.xcconfig"; sourceTree = "<group>"; };
		B904BC14C8A45D81C92F3D70 /* Pods_SwiftUI_Weather_SwiftUI_WeatherUITests.framework */ = {isa = PBXFileReference; explicitFileType = wrapper.framework; includeInIndex = 0; path = Pods_SwiftUI_Weather_SwiftUI_WeatherUITests.framework; sourceTree = BUILT_PRODUCTS_DIR; };
		CA13F950FF4C3C46D8A1FF9C /* Pods-SwiftUI-WeatherTests.debug.xcconfig */ = {isa = PBXFileReference; includeInIndex = 1; lastKnownFileType = text.xcconfig; name = "Pods-SwiftUI-WeatherTests.debug.xcconfig"; path = "Target Support Files/Pods-SwiftUI-WeatherTests/Pods-SwiftUI-WeatherTests.debug.xcconfig"; sourceTree = "<group>"; };
		CE921AE2CBE922C928F7EDEF /* Pods_SwiftUI_WeatherTests.framework */ = {isa = PBXFileReference; explicitFileType = wrapper.framework; includeInIndex = 0; path = Pods_SwiftUI_WeatherTests.framework; sourceTree = BUILT_PRODUCTS_DIR; };
		EBEC44E79554706F58BB6C6C /* Pods-SwiftUI-Weather.debug.xcconfig */ = {isa = PBXFileReference; includeInIndex = 1; lastKnownFileType = text.xcconfig; name = "Pods-SwiftUI-Weather.debug.xcconfig"; path = "Target Support Files/Pods-SwiftUI-Weather/Pods-SwiftUI-Weather.debug.xcconfig"; sourceTree = "<group>"; };
/* End PBXFileReference section */

/* Begin PBXFrameworksBuildPhase section */
		90EB1788276B54F900E93E16 /* Frameworks */ = {
			isa = PBXFrameworksBuildPhase;
			buildActionMask = 2147483647;
			files = (
				05A29C5592A96924559C1C40 /* Pods_SwiftUI_Weather.framework in Frameworks */,
			);
			runOnlyForDeploymentPostprocessing = 0;
		};
		90EB1798276B54FD00E93E16 /* Frameworks */ = {
			isa = PBXFrameworksBuildPhase;
			buildActionMask = 2147483647;
			files = (
				B228429B1BF2322234516C21 /* Pods_SwiftUI_WeatherTests.framework in Frameworks */,
			);
			runOnlyForDeploymentPostprocessing = 0;
		};
		90EB17A2276B54FD00E93E16 /* Frameworks */ = {
			isa = PBXFrameworksBuildPhase;
			buildActionMask = 2147483647;
			files = (
				0994B4CCFFE2D9119ED3260B /* Pods_SwiftUI_Weather_SwiftUI_WeatherUITests.framework in Frameworks */,
			);
			runOnlyForDeploymentPostprocessing = 0;
		};
/* End PBXFrameworksBuildPhase section */

/* Begin PBXGroup section */
		9067F2FB277651C5009E5E12 /* service */ = {
			isa = PBXGroup;
			children = (
				9067F2FC277651E5009E5E12 /* Config.swift */,
				9067F2FE277651F5009E5E12 /* API.swift */,
			);
			path = service;
			sourceTree = "<group>";
		};
		90EB1782276B54F900E93E16 = {
			isa = PBXGroup;
			children = (
				90EB178D276B54F900E93E16 /* SwiftUI-Weather */,
				90EB179E276B54FD00E93E16 /* SwiftUI-WeatherTests */,
				90EB17A8276B54FD00E93E16 /* SwiftUI-WeatherUITests */,
				90EB178C276B54F900E93E16 /* Products */,
				EA07300EF66E44A4C9184130 /* Pods */,
				E80FEFB5DE2DDC45946D69A1 /* Frameworks */,
			);
			sourceTree = "<group>";
		};
		90EB178C276B54F900E93E16 /* Products */ = {
			isa = PBXGroup;
			children = (
				90EB178B276B54F900E93E16 /* SwiftUI-Weather.app */,
				90EB179B276B54FD00E93E16 /* SwiftUI-WeatherTests.xctest */,
				90EB17A5276B54FD00E93E16 /* SwiftUI-WeatherUITests.xctest */,
			);
			name = Products;
			sourceTree = "<group>";
		};
		90EB178D276B54F900E93E16 /* SwiftUI-Weather */ = {
			isa = PBXGroup;
			children = (
				9067F2FB277651C5009E5E12 /* service */,
				90EB178E276B54F900E93E16 /* SwiftUI_WeatherApp.swift */,
				90EB1790276B54F900E93E16 /* ContentView.swift */,
				90F9B7E2276D5033006C7417 /* LoginView.swift */,
				9067F2F92775F0BC009E5E12 /* creatUserModel.swift */,
				90EB1792276B54FD00E93E16 /* Assets.xcassets */,
				90EB1794276B54FD00E93E16 /* Preview Content */,
			);
			path = "SwiftUI-Weather";
			sourceTree = "<group>";
		};
		90EB1794276B54FD00E93E16 /* Preview Content */ = {
			isa = PBXGroup;
			children = (
				90EB1795276B54FD00E93E16 /* Preview Assets.xcassets */,
			);
			path = "Preview Content";
			sourceTree = "<group>";
		};
		90EB179E276B54FD00E93E16 /* SwiftUI-WeatherTests */ = {
			isa = PBXGroup;
			children = (
				90EB179F276B54FD00E93E16 /* SwiftUI_WeatherTests.swift */,
			);
			path = "SwiftUI-WeatherTests";
			sourceTree = "<group>";
		};
		90EB17A8276B54FD00E93E16 /* SwiftUI-WeatherUITests */ = {
			isa = PBXGroup;
			children = (
				90EB17A9276B54FD00E93E16 /* SwiftUI_WeatherUITests.swift */,
				90EB17AB276B54FD00E93E16 /* SwiftUI_WeatherUITestsLaunchTests.swift */,
			);
			path = "SwiftUI-WeatherUITests";
			sourceTree = "<group>";
		};
		E80FEFB5DE2DDC45946D69A1 /* Frameworks */ = {
			isa = PBXGroup;
			children = (
				23E2213C15114FBA2374CD6C /* Pods_SwiftUI_Weather.framework */,
				B904BC14C8A45D81C92F3D70 /* Pods_SwiftUI_Weather_SwiftUI_WeatherUITests.framework */,
				CE921AE2CBE922C928F7EDEF /* Pods_SwiftUI_WeatherTests.framework */,
			);
			name = Frameworks;
			sourceTree = "<group>";
		};
		EA07300EF66E44A4C9184130 /* Pods */ = {
			isa = PBXGroup;
			children = (
				EBEC44E79554706F58BB6C6C /* Pods-SwiftUI-Weather.debug.xcconfig */,
				7313DD2DEB2D9094950A441E /* Pods-SwiftUI-Weather.release.xcconfig */,
				9BEF428C0E9C4E69E13D753F /* Pods-SwiftUI-Weather-SwiftUI-WeatherUITests.debug.xcconfig */,
				3B2901F9925AE47FD03A27B8 /* Pods-SwiftUI-Weather-SwiftUI-WeatherUITests.release.xcconfig */,
				CA13F950FF4C3C46D8A1FF9C /* Pods-SwiftUI-WeatherTests.debug.xcconfig */,
				059507ACFE79217CB5CC5EDC /* Pods-SwiftUI-WeatherTests.release.xcconfig */,
			);
			path = Pods;
			sourceTree = "<group>";
		};
/* End PBXGroup section */

/* Begin PBXNativeTarget section */
		90EB178A276B54F900E93E16 /* SwiftUI-Weather */ = {
			isa = PBXNativeTarget;
			buildConfigurationList = 90EB17AF276B54FD00E93E16 /* Build configuration list for PBXNativeTarget "SwiftUI-Weather" */;
			buildPhases = (
				C0EE38E3B40EC48694CB3F22 /* [CP] Check Pods Manifest.lock */,
				90EB1787276B54F900E93E16 /* Sources */,
				90EB1788276B54F900E93E16 /* Frameworks */,
				90EB1789276B54F900E93E16 /* Resources */,
				C61B1E5B1979A9DEDE0E62AB /* [CP] Embed Pods Frameworks */,
			);
			buildRules = (
			);
			dependencies = (
			);
			name = "SwiftUI-Weather";
			productName = "SwiftUI-Weather";
			productReference = 90EB178B276B54F900E93E16 /* SwiftUI-Weather.app */;
			productType = "com.apple.product-type.application";
		};
		90EB179A276B54FD00E93E16 /* SwiftUI-WeatherTests */ = {
			isa = PBXNativeTarget;
			buildConfigurationList = 90EB17B2276B54FD00E93E16 /* Build configuration list for PBXNativeTarget "SwiftUI-WeatherTests" */;
			buildPhases = (
				3073F2C936329FC7B271591A /* [CP] Check Pods Manifest.lock */,
				90EB1797276B54FD00E93E16 /* Sources */,
				90EB1798276B54FD00E93E16 /* Frameworks */,
				90EB1799276B54FD00E93E16 /* Resources */,
			);
			buildRules = (
			);
			dependencies = (
				90EB179D276B54FD00E93E16 /* PBXTargetDependency */,
			);
			name = "SwiftUI-WeatherTests";
			productName = "SwiftUI-WeatherTests";
			productReference = 90EB179B276B54FD00E93E16 /* SwiftUI-WeatherTests.xctest */;
			productType = "com.apple.product-type.bundle.unit-test";
		};
		90EB17A4276B54FD00E93E16 /* SwiftUI-WeatherUITests */ = {
			isa = PBXNativeTarget;
			buildConfigurationList = 90EB17B5276B54FD00E93E16 /* Build configuration list for PBXNativeTarget "SwiftUI-WeatherUITests" */;
			buildPhases = (
				7C4392AFB7FC313E76D69891 /* [CP] Check Pods Manifest.lock */,
				90EB17A1276B54FD00E93E16 /* Sources */,
				90EB17A2276B54FD00E93E16 /* Frameworks */,
				90EB17A3276B54FD00E93E16 /* Resources */,
				F62951ED5CCAE7B5BAC8F0C5 /* [CP] Embed Pods Frameworks */,
			);
			buildRules = (
			);
			dependencies = (
				90EB17A7276B54FD00E93E16 /* PBXTargetDependency */,
			);
			name = "SwiftUI-WeatherUITests";
			productName = "SwiftUI-WeatherUITests";
			productReference = 90EB17A5276B54FD00E93E16 /* SwiftUI-WeatherUITests.xctest */;
			productType = "com.apple.product-type.bundle.ui-testing";
		};
/* End PBXNativeTarget section */

/* Begin PBXProject section */
		90EB1783276B54F900E93E16 /* Project object */ = {
			isa = PBXProject;
			attributes = {
				BuildIndependentTargetsInParallel = 1;
				LastSwiftUpdateCheck = 1310;
				LastUpgradeCheck = 1310;
				TargetAttributes = {
					90EB178A276B54F900E93E16 = {
						CreatedOnToolsVersion = 13.1;
					};
					90EB179A276B54FD00E93E16 = {
						CreatedOnToolsVersion = 13.1;
						TestTargetID = 90EB178A276B54F900E93E16;
					};
					90EB17A4276B54FD00E93E16 = {
						CreatedOnToolsVersion = 13.1;
						TestTargetID = 90EB178A276B54F900E93E16;
					};
				};
			};
			buildConfigurationList = 90EB1786276B54F900E93E16 /* Build configuration list for PBXProject "SwiftUI-Weather" */;
			compatibilityVersion = "Xcode 13.0";
			developmentRegion = en;
			hasScannedForEncodings = 0;
			knownRegions = (
				en,
				Base,
			);
			mainGroup = 90EB1782276B54F900E93E16;
			productRefGroup = 90EB178C276B54F900E93E16 /* Products */;
			projectDirPath = "";
			projectRoot = "";
			targets = (
				90EB178A276B54F900E93E16 /* SwiftUI-Weather */,
				90EB179A276B54FD00E93E16 /* SwiftUI-WeatherTests */,
				90EB17A4276B54FD00E93E16 /* SwiftUI-WeatherUITests */,
			);
		};
/* End PBXProject section */

/* Begin PBXResourcesBuildPhase section */
		90EB1789276B54F900E93E16 /* Resources */ = {
			isa = PBXResourcesBuildPhase;
			buildActionMask = 2147483647;
			files = (
				90EB1796276B54FD00E93E16 /* Preview Assets.xcassets in Resources */,
				90EB1793276B54FD00E93E16 /* Assets.xcassets in Resources */,
			);
			runOnlyForDeploymentPostprocessing = 0;
		};
		90EB1799276B54FD00E93E16 /* Resources */ = {
			isa = PBXResourcesBuildPhase;
			buildActionMask = 2147483647;
			files = (
			);
			runOnlyForDeploymentPostprocessing = 0;
		};
		90EB17A3276B54FD00E93E16 /* Resources */ = {
			isa = PBXResourcesBuildPhase;
			buildActionMask = 2147483647;
			files = (
			);
			runOnlyForDeploymentPostprocessing = 0;
		};
/* End PBXResourcesBuildPhase section */

/* Begin PBXShellScriptBuildPhase section */
		3073F2C936329FC7B271591A /* [CP] Check Pods Manifest.lock */ = {
			isa = PBXShellScriptBuildPhase;
			buildActionMask = 2147483647;
			files = (
			);
			inputFileListPaths = (
			);
			inputPaths = (
				"${PODS_PODFILE_DIR_PATH}/Podfile.lock",
				"${PODS_ROOT}/Manifest.lock",
			);
			name = "[CP] Check Pods Manifest.lock";
			outputFileListPaths = (
			);
			outputPaths = (
				"$(DERIVED_FILE_DIR)/Pods-SwiftUI-WeatherTests-checkManifestLockResult.txt",
			);
			runOnlyForDeploymentPostprocessing = 0;
			shellPath = /bin/sh;
			shellScript = "diff \"${PODS_PODFILE_DIR_PATH}/Podfile.lock\" \"${PODS_ROOT}/Manifest.lock\" > /dev/null\nif [ $? != 0 ] ; then\n    # print error to STDERR\n    echo \"error: The sandbox is not in sync with the Podfile.lock. Run 'pod install' or update your CocoaPods installation.\" >&2\n    exit 1\nfi\n# This output is used by Xcode 'outputs' to avoid re-running this script phase.\necho \"SUCCESS\" > \"${SCRIPT_OUTPUT_FILE_0}\"\n";
			showEnvVarsInLog = 0;
		};
		7C4392AFB7FC313E76D69891 /* [CP] Check Pods Manifest.lock */ = {
			isa = PBXShellScriptBuildPhase;
			buildActionMask = 2147483647;
			files = (
			);
			inputFileListPaths = (
			);
			inputPaths = (
				"${PODS_PODFILE_DIR_PATH}/Podfile.lock",
				"${PODS_ROOT}/Manifest.lock",
			);
			name = "[CP] Check Pods Manifest.lock";
			outputFileListPaths = (
			);
			outputPaths = (
				"$(DERIVED_FILE_DIR)/Pods-SwiftUI-Weather-SwiftUI-WeatherUITests-checkManifestLockResult.txt",
			);
			runOnlyForDeploymentPostprocessing = 0;
			shellPath = /bin/sh;
			shellScript = "diff \"${PODS_PODFILE_DIR_PATH}/Podfile.lock\" \"${PODS_ROOT}/Manifest.lock\" > /dev/null\nif [ $? != 0 ] ; then\n    # print error to STDERR\n    echo \"error: The sandbox is not in sync with the Podfile.lock. Run 'pod install' or update your CocoaPods installation.\" >&2\n    exit 1\nfi\n# This output is used by Xcode 'outputs' to avoid re-running this script phase.\necho \"SUCCESS\" > \"${SCRIPT_OUTPUT_FILE_0}\"\n";
			showEnvVarsInLog = 0;
		};
		C0EE38E3B40EC48694CB3F22 /* [CP] Check Pods Manifest.lock */ = {
			isa = PBXShellScriptBuildPhase;
			buildActionMask = 2147483647;
			files = (
			);
			inputFileListPaths = (
			);
			inputPaths = (
				"${PODS_PODFILE_DIR_PATH}/Podfile.lock",
				"${PODS_ROOT}/Manifest.lock",
			);
			name = "[CP] Check Pods Manifest.lock";
			outputFileListPaths = (
			);
			outputPaths = (
				"$(DERIVED_FILE_DIR)/Pods-SwiftUI-Weather-checkManifestLockResult.txt",
			);
			runOnlyForDeploymentPostprocessing = 0;
			shellPath = /bin/sh;
			shellScript = "diff \"${PODS_PODFILE_DIR_PATH}/Podfile.lock\" \"${PODS_ROOT}/Manifest.lock\" > /dev/null\nif [ $? != 0 ] ; then\n    # print error to STDERR\n    echo \"error: The sandbox is not in sync with the Podfile.lock. Run 'pod install' or update your CocoaPods installation.\" >&2\n    exit 1\nfi\n# This output is used by Xcode 'outputs' to avoid re-running this script phase.\necho \"SUCCESS\" > \"${SCRIPT_OUTPUT_FILE_0}\"\n";
			showEnvVarsInLog = 0;
		};
		C61B1E5B1979A9DEDE0E62AB /* [CP] Embed Pods Frameworks */ = {
			isa = PBXShellScriptBuildPhase;
			buildActionMask = 2147483647;
			files = (
			);
			inputFileListPaths = (
				"${PODS_ROOT}/Target Support Files/Pods-SwiftUI-Weather/Pods-SwiftUI-Weather-frameworks-${CONFIGURATION}-input-files.xcfilelist",
			);
			name = "[CP] Embed Pods Frameworks";
			outputFileListPaths = (
				"${PODS_ROOT}/Target Support Files/Pods-SwiftUI-Weather/Pods-SwiftUI-Weather-frameworks-${CONFIGURATION}-output-files.xcfilelist",
			);
			runOnlyForDeploymentPostprocessing = 0;
			shellPath = /bin/sh;
			shellScript = "\"${PODS_ROOT}/Target Support Files/Pods-SwiftUI-Weather/Pods-SwiftUI-Weather-frameworks.sh\"\n";
			showEnvVarsInLog = 0;
		};
		F62951ED5CCAE7B5BAC8F0C5 /* [CP] Embed Pods Frameworks */ = {
			isa = PBXShellScriptBuildPhase;
			buildActionMask = 2147483647;
			files = (
			);
			inputFileListPaths = (
				"${PODS_ROOT}/Target Support Files/Pods-SwiftUI-Weather-SwiftUI-WeatherUITests/Pods-SwiftUI-Weather-SwiftUI-WeatherUITests-frameworks-${CONFIGURATION}-input-files.xcfilelist",
			);
			name = "[CP] Embed Pods Frameworks";
			outputFileListPaths = (
				"${PODS_ROOT}/Target Support Files/Pods-SwiftUI-Weather-SwiftUI-WeatherUITests/Pods-SwiftUI-Weather-SwiftUI-WeatherUITests-frameworks-${CONFIGURATION}-output-files.xcfilelist",
			);
			runOnlyForDeploymentPostprocessing = 0;
			shellPath = /bin/sh;
			shellScript = "\"${PODS_ROOT}/Target Support Files/Pods-SwiftUI-Weather-SwiftUI-WeatherUITests/Pods-SwiftUI-Weather-SwiftUI-WeatherUITests-frameworks.sh\"\n";
			showEnvVarsInLog = 0;
		};
/* End PBXShellScriptBuildPhase section */

/* Begin PBXSourcesBuildPhase section */
		90EB1787276B54F900E93E16 /* Sources */ = {
			isa = PBXSourcesBuildPhase;
			buildActionMask = 2147483647;
			files = (
				90F9B7E3276D5033006C7417 /* LoginView.swift in Sources */,
				90EB1791276B54F900E93E16 /* ContentView.swift in Sources */,
				9067F2FD277651E5009E5E12 /* Config.swift in Sources */,
				9067F2FA2775F0BC009E5E12 /* creatUserModel.swift in Sources */,
				9067F2FF277651F5009E5E12 /* API.swift in Sources */,
				90EB178F276B54F900E93E16 /* SwiftUI_WeatherApp.swift in Sources */,
			);
			runOnlyForDeploymentPostprocessing = 0;
		};
		90EB1797276B54FD00E93E16 /* Sources */ = {
			isa = PBXSourcesBuildPhase;
			buildActionMask = 2147483647;
			files = (
				90EB17A0276B54FD00E93E16 /* SwiftUI_WeatherTests.swift in Sources */,
			);
			runOnlyForDeploymentPostprocessing = 0;
		};
		90EB17A1276B54FD00E93E16 /* Sources */ = {
			isa = PBXSourcesBuildPhase;
			buildActionMask = 2147483647;
			files = (
				90EB17AA276B54FD00E93E16 /* SwiftUI_WeatherUITests.swift in Sources */,
				90EB17AC276B54FD00E93E16 /* SwiftUI_WeatherUITestsLaunchTests.swift in Sources */,
			);
			runOnlyForDeploymentPostprocessing = 0;
		};
/* End PBXSourcesBuildPhase section */

/* Begin PBXTargetDependency section */
		90EB179D276B54FD00E93E16 /* PBXTargetDependency */ = {
			isa = PBXTargetDependency;
			target = 90EB178A276B54F900E93E16 /* SwiftUI-Weather */;
			targetProxy = 90EB179C276B54FD00E93E16 /* PBXContainerItemProxy */;
		};
		90EB17A7276B54FD00E93E16 /* PBXTargetDependency */ = {
			isa = PBXTargetDependency;
			target = 90EB178A276B54F900E93E16 /* SwiftUI-Weather */;
			targetProxy = 90EB17A6276B54FD00E93E16 /* PBXContainerItemProxy */;
		};
/* End PBXTargetDependency section */

/* Begin XCBuildConfiguration section */
		90EB17AD276B54FD00E93E16 /* Debug */ = {
			isa = XCBuildConfiguration;
			buildSettings = {
				ALWAYS_SEARCH_USER_PATHS = NO;
				CLANG_ANALYZER_NONNULL = YES;
				CLANG_ANALYZER_NUMBER_OBJECT_CONVERSION = YES_AGGRESSIVE;
				CLANG_CXX_LANGUAGE_STANDARD = "gnu++17";
				CLANG_CXX_LIBRARY = "libc++";
				CLANG_ENABLE_MODULES = YES;
				CLANG_ENABLE_OBJC_ARC = YES;
				CLANG_ENABLE_OBJC_WEAK = YES;
				CLANG_WARN_BLOCK_CAPTURE_AUTORELEASING = YES;
				CLANG_WARN_BOOL_CONVERSION = YES;
				CLANG_WARN_COMMA = YES;
				CLANG_WARN_CONSTANT_CONVERSION = YES;
				CLANG_WARN_DEPRECATED_OBJC_IMPLEMENTATIONS = YES;
				CLANG_WARN_DIRECT_OBJC_ISA_USAGE = YES_ERROR;
				CLANG_WARN_DOCUMENTATION_COMMENTS = YES;
				CLANG_WARN_EMPTY_BODY = YES;
				CLANG_WARN_ENUM_CONVERSION = YES;
				CLANG_WARN_INFINITE_RECURSION = YES;
				CLANG_WARN_INT_CONVERSION = YES;
				CLANG_WARN_NON_LITERAL_NULL_CONVERSION = YES;
				CLANG_WARN_OBJC_IMPLICIT_RETAIN_SELF = YES;
				CLANG_WARN_OBJC_LITERAL_CONVERSION = YES;
				CLANG_WARN_OBJC_ROOT_CLASS = YES_ERROR;
				CLANG_WARN_QUOTED_INCLUDE_IN_FRAMEWORK_HEADER = YES;
				CLANG_WARN_RANGE_LOOP_ANALYSIS = YES;
				CLANG_WARN_STRICT_PROTOTYPES = YES;
				CLANG_WARN_SUSPICIOUS_MOVE = YES;
				CLANG_WARN_UNGUARDED_AVAILABILITY = YES_AGGRESSIVE;
				CLANG_WARN_UNREACHABLE_CODE = YES;
				CLANG_WARN__DUPLICATE_METHOD_MATCH = YES;
				COPY_PHASE_STRIP = NO;
				DEBUG_INFORMATION_FORMAT = dwarf;
				ENABLE_STRICT_OBJC_MSGSEND = YES;
				ENABLE_TESTABILITY = YES;
				GCC_C_LANGUAGE_STANDARD = gnu11;
				GCC_DYNAMIC_NO_PIC = NO;
				GCC_NO_COMMON_BLOCKS = YES;
				GCC_OPTIMIZATION_LEVEL = 0;
				GCC_PREPROCESSOR_DEFINITIONS = (
					"DEBUG=1",
					"$(inherited)",
				);
				GCC_WARN_64_TO_32_BIT_CONVERSION = YES;
				GCC_WARN_ABOUT_RETURN_TYPE = YES_ERROR;
				GCC_WARN_UNDECLARED_SELECTOR = YES;
				GCC_WARN_UNINITIALIZED_AUTOS = YES_AGGRESSIVE;
				GCC_WARN_UNUSED_FUNCTION = YES;
				GCC_WARN_UNUSED_VARIABLE = YES;
				IPHONEOS_DEPLOYMENT_TARGET = 15.0;
				MTL_ENABLE_DEBUG_INFO = INCLUDE_SOURCE;
				MTL_FAST_MATH = YES;
				ONLY_ACTIVE_ARCH = YES;
				SDKROOT = iphoneos;
				SWIFT_ACTIVE_COMPILATION_CONDITIONS = DEBUG;
				SWIFT_OPTIMIZATION_LEVEL = "-Onone";
			};
			name = Debug;
		};
		90EB17AE276B54FD00E93E16 /* Release */ = {
			isa = XCBuildConfiguration;
			buildSettings = {
				ALWAYS_SEARCH_USER_PATHS = NO;
				CLANG_ANALYZER_NONNULL = YES;
				CLANG_ANALYZER_NUMBER_OBJECT_CONVERSION = YES_AGGRESSIVE;
				CLANG_CXX_LANGUAGE_STANDARD = "gnu++17";
				CLANG_CXX_LIBRARY = "libc++";
				CLANG_ENABLE_MODULES = YES;
				CLANG_ENABLE_OBJC_ARC = YES;
				CLANG_ENABLE_OBJC_WEAK = YES;
				CLANG_WARN_BLOCK_CAPTURE_AUTORELEASING = YES;
				CLANG_WARN_BOOL_CONVERSION = YES;
				CLANG_WARN_COMMA = YES;
				CLANG_WARN_CONSTANT_CONVERSION = YES;
				CLANG_WARN_DEPRECATED_OBJC_IMPLEMENTATIONS = YES;
				CLANG_WARN_DIRECT_OBJC_ISA_USAGE = YES_ERROR;
				CLANG_WARN_DOCUMENTATION_COMMENTS = YES;
				CLANG_WARN_EMPTY_BODY = YES;
				CLANG_WARN_ENUM_CONVERSION = YES;
				CLANG_WARN_INFINITE_RECURSION = YES;
				CLANG_WARN_INT_CONVERSION = YES;
				CLANG_WARN_NON_LITERAL_NULL_CONVERSION = YES;
				CLANG_WARN_OBJC_IMPLICIT_RETAIN_SELF = YES;
				CLANG_WARN_OBJC_LITERAL_CONVERSION = YES;
				CLANG_WARN_OBJC_ROOT_CLASS = YES_ERROR;
				CLANG_WARN_QUOTED_INCLUDE_IN_FRAMEWORK_HEADER = YES;
				CLANG_WARN_RANGE_LOOP_ANALYSIS = YES;
				CLANG_WARN_STRICT_PROTOTYPES = YES;
				CLANG_WARN_SUSPICIOUS_MOVE = YES;
				CLANG_WARN_UNGUARDED_AVAILABILITY = YES_AGGRESSIVE;
				CLANG_WARN_UNREACHABLE_CODE = YES;
				CLANG_WARN__DUPLICATE_METHOD_MATCH = YES;
				COPY_PHASE_STRIP = NO;
				DEBUG_INFORMATION_FORMAT = "dwarf-with-dsym";
				ENABLE_NS_ASSERTIONS = NO;
				ENABLE_STRICT_OBJC_MSGSEND = YES;
				GCC_C_LANGUAGE_STANDARD = gnu11;
				GCC_NO_COMMON_BLOCKS = YES;
				GCC_WARN_64_TO_32_BIT_CONVERSION = YES;
				GCC_WARN_ABOUT_RETURN_TYPE = YES_ERROR;
				GCC_WARN_UNDECLARED_SELECTOR = YES;
				GCC_WARN_UNINITIALIZED_AUTOS = YES_AGGRESSIVE;
				GCC_WARN_UNUSED_FUNCTION = YES;
				GCC_WARN_UNUSED_VARIABLE = YES;
				IPHONEOS_DEPLOYMENT_TARGET = 15.0;
				MTL_ENABLE_DEBUG_INFO = NO;
				MTL_FAST_MATH = YES;
				SDKROOT = iphoneos;
				SWIFT_COMPILATION_MODE = wholemodule;
				SWIFT_OPTIMIZATION_LEVEL = "-O";
				VALIDATE_PRODUCT = YES;
			};
			name = Release;
		};
		90EB17B0276B54FD00E93E16 /* Debug */ = {
			isa = XCBuildConfiguration;
			baseConfigurationReference = EBEC44E79554706F58BB6C6C /* Pods-SwiftUI-Weather.debug.xcconfig */;
			buildSettings = {
				ASSETCATALOG_COMPILER_APPICON_NAME = AppIcon;
				ASSETCATALOG_COMPILER_GLOBAL_ACCENT_COLOR_NAME = AccentColor;
				CODE_SIGN_STYLE = Automatic;
				CURRENT_PROJECT_VERSION = 1;
				DEVELOPMENT_ASSET_PATHS = "\"SwiftUI-Weather/Preview Content\"";
				DEVELOPMENT_TEAM = 5S2882FKQQ;
				ENABLE_PREVIEWS = YES;
				GENERATE_INFOPLIST_FILE = YES;
				INFOPLIST_KEY_UIApplicationSceneManifest_Generation = YES;
				INFOPLIST_KEY_UIApplicationSupportsIndirectInputEvents = YES;
				INFOPLIST_KEY_UILaunchScreen_Generation = YES;
				INFOPLIST_KEY_UISupportedInterfaceOrientations_iPad = "UIInterfaceOrientationPortrait UIInterfaceOrientationPortraitUpsideDown UIInterfaceOrientationLandscapeLeft UIInterfaceOrientationLandscapeRight";
				INFOPLIST_KEY_UISupportedInterfaceOrientations_iPhone = "UIInterfaceOrientationPortrait UIInterfaceOrientationLandscapeLeft UIInterfaceOrientationLandscapeRight";
				LD_RUNPATH_SEARCH_PATHS = (
					"$(inherited)",
					"@executable_path/Frameworks",
				);
				MARKETING_VERSION = 1.0;
				PRODUCT_BUNDLE_IDENTIFIER = "mohamed.hammam.SwiftUI-Weather";
				PRODUCT_NAME = "$(TARGET_NAME)";
				SWIFT_EMIT_LOC_STRINGS = YES;
				SWIFT_VERSION = 5.0;
				TARGETED_DEVICE_FAMILY = "1,2";
			};
			name = Debug;
		};
		90EB17B1276B54FD00E93E16 /* Release */ = {
			isa = XCBuildConfiguration;
			baseConfigurationReference = 7313DD2DEB2D9094950A441E /* Pods-SwiftUI-Weather.release.xcconfig */;
			buildSettings = {
				ASSETCATALOG_COMPILER_APPICON_NAME = AppIcon;
				ASSETCATALOG_COMPILER_GLOBAL_ACCENT_COLOR_NAME = AccentColor;
				CODE_SIGN_STYLE = Automatic;
				CURRENT_PROJECT_VERSION = 1;
				DEVELOPMENT_ASSET_PATHS = "\"SwiftUI-Weather/Preview Content\"";
				DEVELOPMENT_TEAM = 5S2882FKQQ;
				ENABLE_PREVIEWS = YES;
				GENERATE_INFOPLIST_FILE = YES;
				INFOPLIST_KEY_UIApplicationSceneManifest_Generation = YES;
				INFOPLIST_KEY_UIApplicationSupportsIndirectInputEvents = YES;
				INFOPLIST_KEY_UILaunchScreen_Generation = YES;
				INFOPLIST_KEY_UISupportedInterfaceOrientations_iPad = "UIInterfaceOrientationPortrait UIInterfaceOrientationPortraitUpsideDown UIInterfaceOrientationLandscapeLeft UIInterfaceOrientationLandscapeRight";
				INFOPLIST_KEY_UISupportedInterfaceOrientations_iPhone = "UIInterfaceOrientationPortrait UIInterfaceOrientationLandscapeLeft UIInterfaceOrientationLandscapeRight";
				LD_RUNPATH_SEARCH_PATHS = (
					"$(inherited)",
					"@executable_path/Frameworks",
				);
				MARKETING_VERSION = 1.0;
				PRODUCT_BUNDLE_IDENTIFIER = "mohamed.hammam.SwiftUI-Weather";
				PRODUCT_NAME = "$(TARGET_NAME)";
				SWIFT_EMIT_LOC_STRINGS = YES;
				SWIFT_VERSION = 5.0;
				TARGETED_DEVICE_FAMILY = "1,2";
			};
			name = Release;
		};
		90EB17B3276B54FD00E93E16 /* Debug */ = {
			isa = XCBuildConfiguration;
			baseConfigurationReference = CA13F950FF4C3C46D8A1FF9C /* Pods-SwiftUI-WeatherTests.debug.xcconfig */;
			buildSettings = {
				ALWAYS_EMBED_SWIFT_STANDARD_LIBRARIES = YES;
				BUNDLE_LOADER = "$(TEST_HOST)";
				CODE_SIGN_STYLE = Automatic;
				CURRENT_PROJECT_VERSION = 1;
				DEVELOPMENT_TEAM = 5S2882FKQQ;
				GENERATE_INFOPLIST_FILE = YES;
				IPHONEOS_DEPLOYMENT_TARGET = 15.0;
				LD_RUNPATH_SEARCH_PATHS = (
					"$(inherited)",
					"@executable_path/Frameworks",
					"@loader_path/Frameworks",
				);
				MARKETING_VERSION = 1.0;
				PRODUCT_BUNDLE_IDENTIFIER = "mohamed.hammam.SwiftUI-WeatherTests";
				PRODUCT_NAME = "$(TARGET_NAME)";
				SWIFT_EMIT_LOC_STRINGS = NO;
				SWIFT_VERSION = 5.0;
				TARGETED_DEVICE_FAMILY = "1,2";
				TEST_HOST = "$(BUILT_PRODUCTS_DIR)/SwiftUI-Weather.app/SwiftUI-Weather";
			};
			name = Debug;
		};
		90EB17B4276B54FD00E93E16 /* Release */ = {
			isa = XCBuildConfiguration;
			baseConfigurationReference = 059507ACFE79217CB5CC5EDC /* Pods-SwiftUI-WeatherTests.release.xcconfig */;
			buildSettings = {
				ALWAYS_EMBED_SWIFT_STANDARD_LIBRARIES = YES;
				BUNDLE_LOADER = "$(TEST_HOST)";
				CODE_SIGN_STYLE = Automatic;
				CURRENT_PROJECT_VERSION = 1;
				DEVELOPMENT_TEAM = 5S2882FKQQ;
				GENERATE_INFOPLIST_FILE = YES;
				IPHONEOS_DEPLOYMENT_TARGET = 15.0;
				LD_RUNPATH_SEARCH_PATHS = (
					"$(inherited)",
					"@executable_path/Frameworks",
					"@loader_path/Frameworks",
				);
				MARKETING_VERSION = 1.0;
				PRODUCT_BUNDLE_IDENTIFIER = "mohamed.hammam.SwiftUI-WeatherTests";
				PRODUCT_NAME = "$(TARGET_NAME)";
				SWIFT_EMIT_LOC_STRINGS = NO;
				SWIFT_VERSION = 5.0;
				TARGETED_DEVICE_FAMILY = "1,2";
				TEST_HOST = "$(BUILT_PRODUCTS_DIR)/SwiftUI-Weather.app/SwiftUI-Weather";
			};
			name = Release;
		};
		90EB17B6276B54FD00E93E16 /* Debug */ = {
			isa = XCBuildConfiguration;
			baseConfigurationReference = 9BEF428C0E9C4E69E13D753F /* Pods-SwiftUI-Weather-SwiftUI-WeatherUITests.debug.xcconfig */;
			buildSettings = {
				ALWAYS_EMBED_SWIFT_STANDARD_LIBRARIES = YES;
				CODE_SIGN_STYLE = Automatic;
				CURRENT_PROJECT_VERSION = 1;
				DEVELOPMENT_TEAM = 5S2882FKQQ;
				GENERATE_INFOPLIST_FILE = YES;
				LD_RUNPATH_SEARCH_PATHS = (
					"$(inherited)",
					"@executable_path/Frameworks",
					"@loader_path/Frameworks",
				);
				MARKETING_VERSION = 1.0;
				PRODUCT_BUNDLE_IDENTIFIER = "mohamed.hammam.SwiftUI-WeatherUITests";
				PRODUCT_NAME = "$(TARGET_NAME)";
				SWIFT_EMIT_LOC_STRINGS = NO;
				SWIFT_VERSION = 5.0;
				TARGETED_DEVICE_FAMILY = "1,2";
				TEST_TARGET_NAME = "SwiftUI-Weather";
			};
			name = Debug;
		};
		90EB17B7276B54FD00E93E16 /* Release */ = {
			isa = XCBuildConfiguration;
			baseConfigurationReference = 3B2901F9925AE47FD03A27B8 /* Pods-SwiftUI-Weather-SwiftUI-WeatherUITests.release.xcconfig */;
			buildSettings = {
				ALWAYS_EMBED_SWIFT_STANDARD_LIBRARIES = YES;
				CODE_SIGN_STYLE = Automatic;
				CURRENT_PROJECT_VERSION = 1;
				DEVELOPMENT_TEAM = 5S2882FKQQ;
				GENERATE_INFOPLIST_FILE = YES;
				LD_RUNPATH_SEARCH_PATHS = (
					"$(inherited)",
					"@executable_path/Frameworks",
					"@loader_path/Frameworks",
				);
				MARKETING_VERSION = 1.0;
				PRODUCT_BUNDLE_IDENTIFIER = "mohamed.hammam.SwiftUI-WeatherUITests";
				PRODUCT_NAME = "$(TARGET_NAME)";
				SWIFT_EMIT_LOC_STRINGS = NO;
				SWIFT_VERSION = 5.0;
				TARGETED_DEVICE_FAMILY = "1,2";
				TEST_TARGET_NAME = "SwiftUI-Weather";
			};
			name = Release;
		};
/* End XCBuildConfiguration section */

/* Begin XCConfigurationList section */
		90EB1786276B54F900E93E16 /* Build configuration list for PBXProject "SwiftUI-Weather" */ = {
			isa = XCConfigurationList;
			buildConfigurations = (
				90EB17AD276B54FD00E93E16 /* Debug */,
				90EB17AE276B54FD00E93E16 /* Release */,
			);
			defaultConfigurationIsVisible = 0;
			defaultConfigurationName = Release;
		};
		90EB17AF276B54FD00E93E16 /* Build configuration list for PBXNativeTarget "SwiftUI-Weather" */ = {
			isa = XCConfigurationList;
			buildConfigurations = (
				90EB17B0276B54FD00E93E16 /* Debug */,
				90EB17B1276B54FD00E93E16 /* Release */,
			);
			defaultConfigurationIsVisible = 0;
			defaultConfigurationName = Release;
		};
		90EB17B2276B54FD00E93E16 /* Build configuration list for PBXNativeTarget "SwiftUI-WeatherTests" */ = {
			isa = XCConfigurationList;
			buildConfigurations = (
				90EB17B3276B54FD00E93E16 /* Debug */,
				90EB17B4276B54FD00E93E16 /* Release */,
			);
			defaultConfigurationIsVisible = 0;
			defaultConfigurationName = Release;
		};
		90EB17B5276B54FD00E93E16 /* Build configuration list for PBXNativeTarget "SwiftUI-WeatherUITests" */ = {
			isa = XCConfigurationList;
			buildConfigurations = (
				90EB17B6276B54FD00E93E16 /* Debug */,
				90EB17B7276B54FD00E93E16 /* Release */,
			);
			defaultConfigurationIsVisible = 0;
			defaultConfigurationName = Release;
		};
/* End XCConfigurationList section */
	};
	rootObject = 90EB1783276B54F900E93E16 /* Project object */;
}
